
Microsoft Visual Studio Solution File, Format Version 12.00
# Visual Studio Version 17
VisualStudioVersion = 17.10.35122.118
MinimumVisualStudioVersion = 10.0.40219.1
Project("{F184B08F-C81C-45F6-A57F-5ABD9991F28F}") = "mk2_isnin", "mk2_isnin\mk2_isnin.vbproj", "{3A7BF3C1-352D-4CC1-BD36-A649708B813D}"
EndProject
Global
	GlobalSection(SolutionConfigurationPlatforms) = preSolution
		Debug|Any CPU = Debug|Any CPU
		Release|Any CPU = Release|Any CPU
	EndGlobalSection
	GlobalSection(ProjectConfigurationPlatforms) = postSolution
		{3A7BF3C1-352D-4CC1-BD36-A649708B813D}.Debug|Any CPU.ActiveCfg = Debug|Any CPU
		{3A7BF3C1-352D-4CC1-BD36-A649708B813D}.Debug|Any CPU.Build.0 = Debug|Any CPU
		{3A7BF3C1-352D-4CC1-BD36-A649708B813D}.Release|Any CPU.ActiveCfg = Release|Any CPU
		{3A7BF3C1-352D-4CC1-BD36-A649708B813D}.Release|Any CPU.Build.0 = Release|Any CPU
	EndGlobalSection
	GlobalSection(SolutionProperties) = preSolution
		HideSolutionNode = FALSE
	EndGlobalSection
	GlobalSection(ExtensibilityGlobals) = postSolution
		SolutionGuid = {09F2ABD4-3AD9-4B54-AC3F-D5137614B388}
	EndGlobalSection
EndGlobal
